
Microsoft Visual Studio Solution File, Format Version 12.00
# Visual Studio Version 17
VisualStudioVersion = 17.4.33122.133
MinimumVisualStudioVersion = 10.0.40219.1
Project("{FAE04EC0-301F-11D3-BF4B-00C04F79EFBC}") = "BordroHesapla", "BordroHesapla\BordroHesapla.csproj", "{80F4409B-B57D-4FF9-81BA-2B7DB270CCA5}"
EndProject
Global
	GlobalSection(SolutionConfigurationPlatforms) = preSolution
		Debug|Any CPU = Debug|Any CPU
		Release|Any CPU = Release|Any CPU
	EndGlobalSection
	GlobalSection(ProjectConfigurationPlatforms) = postSolution
		{80F4409B-B57D-4FF9-81BA-2B7DB270CCA5}.Debug|Any CPU.ActiveCfg = Debug|Any CPU
		{80F4409B-B57D-4FF9-81BA-2B7DB270CCA5}.Debug|Any CPU.Build.0 = Debug|Any CPU
		{80F4409B-B57D-4FF9-81BA-2B7DB270CCA5}.Release|Any CPU.ActiveCfg = Release|Any CPU
		{80F4409B-B57D-4FF9-81BA-2B7DB270CCA5}.Release|Any CPU.Build.0 = Release|Any CPU
	EndGlobalSection
	GlobalSection(SolutionProperties) = preSolution
		HideSolutionNode = FALSE
	EndGlobalSection
	GlobalSection(ExtensibilityGlobals) = postSolution
		SolutionGuid = {13EC63F7-A21E-4C97-95DB-2A31F1FFF9C9}
	EndGlobalSection
EndGlobal
